
Microsoft Visual Studio Solution File, Format Version 12.00
# Visual Studio 15
Project("{FAE04EC0-301F-11D3-BF4B-00C04F79EFBC}") = "Parte-1", "Assembly-CSharp.csproj", "{BD9E946A-5401-DB6C-2717-2FA6E250131C}"
EndProject
Global
	GlobalSection(SolutionConfigurationPlatforms) = preSolution
		Debug|Any CPU = Debug|Any CPU
		Release|Any CPU = Release|Any CPU
	EndGlobalSection
	GlobalSection(ProjectConfigurationPlatforms) = postSolution
		{BD9E946A-5401-DB6C-2717-2FA6E250131C}.Debug|Any CPU.ActiveCfg = Debug|Any CPU
		{BD9E946A-5401-DB6C-2717-2FA6E250131C}.Debug|Any CPU.Build.0 = Debug|Any CPU
		{BD9E946A-5401-DB6C-2717-2FA6E250131C}.Release|Any CPU.ActiveCfg = Release|Any CPU
		{BD9E946A-5401-DB6C-2717-2FA6E250131C}.Release|Any CPU.Build.0 = Release|Any CPU
	EndGlobalSection
	GlobalSection(SolutionProperties) = preSolution
		HideSolutionNode = FALSE
	EndGlobalSection
EndGlobal
