
Microsoft Visual Studio Solution File, Format Version 12.00
# Visual Studio 15
Project("{FAE04EC0-301F-11D3-BF4B-00C04F79EFBC}") = "WorkshopGWC", "Assembly-CSharp.csproj", "{10D688A6-0FD7-76DD-CE6C-7041EE3FCD30}"
EndProject
Global
	GlobalSection(SolutionConfigurationPlatforms) = preSolution
		Debug|Any CPU = Debug|Any CPU
		Release|Any CPU = Release|Any CPU
	EndGlobalSection
	GlobalSection(ProjectConfigurationPlatforms) = postSolution
		{10D688A6-0FD7-76DD-CE6C-7041EE3FCD30}.Debug|Any CPU.ActiveCfg = Debug|Any CPU
		{10D688A6-0FD7-76DD-CE6C-7041EE3FCD30}.Debug|Any CPU.Build.0 = Debug|Any CPU
		{10D688A6-0FD7-76DD-CE6C-7041EE3FCD30}.Release|Any CPU.ActiveCfg = Release|Any CPU
		{10D688A6-0FD7-76DD-CE6C-7041EE3FCD30}.Release|Any CPU.Build.0 = Release|Any CPU
	EndGlobalSection
	GlobalSection(SolutionProperties) = preSolution
		HideSolutionNode = FALSE
	EndGlobalSection
EndGlobal
